
Microsoft Visual Studio Solution File, Format Version 12.00
# Visual Studio Version 17
VisualStudioVersion = 17.1.32328.378
MinimumVisualStudioVersion = 10.0.40219.1
Project("{FAE04EC0-301F-11D3-BF4B-00C04F79EFBC}") = "uri1251", "uri1251\uri1251.csproj", "{C1EF6593-8A0B-4350-8CFE-AB592C37E09B}"
EndProject
Global
	GlobalSection(SolutionConfigurationPlatforms) = preSolution
		Debug|Any CPU = Debug|Any CPU
		Release|Any CPU = Release|Any CPU
	EndGlobalSection
	GlobalSection(ProjectConfigurationPlatforms) = postSolution
		{C1EF6593-8A0B-4350-8CFE-AB592C37E09B}.Debug|Any CPU.ActiveCfg = Debug|Any CPU
		{C1EF6593-8A0B-4350-8CFE-AB592C37E09B}.Debug|Any CPU.Build.0 = Debug|Any CPU
		{C1EF6593-8A0B-4350-8CFE-AB592C37E09B}.Release|Any CPU.ActiveCfg = Release|Any CPU
		{C1EF6593-8A0B-4350-8CFE-AB592C37E09B}.Release|Any CPU.Build.0 = Release|Any CPU
	EndGlobalSection
	GlobalSection(SolutionProperties) = preSolution
		HideSolutionNode = FALSE
	EndGlobalSection
	GlobalSection(ExtensibilityGlobals) = postSolution
		SolutionGuid = {483D9FC4-B081-4EEF-9905-1C0727E36BF1}
	EndGlobalSection
EndGlobal
